
Microsoft Visual Studio Solution File, Format Version 12.00
# Visual Studio Version 17
VisualStudioVersion = 17.4.33103.184
MinimumVisualStudioVersion = 10.0.40219.1
Project("{FAE04EC0-301F-11D3-BF4B-00C04F79EFBC}") = "Homework13", "Homework13\Homework13.csproj", "{9E6B4F9F-8B3B-41F7-BB4D-7C2B456FF017}"
EndProject
Global
	GlobalSection(SolutionConfigurationPlatforms) = preSolution
		Debug|Any CPU = Debug|Any CPU
		Release|Any CPU = Release|Any CPU
	EndGlobalSection
	GlobalSection(ProjectConfigurationPlatforms) = postSolution
		{9E6B4F9F-8B3B-41F7-BB4D-7C2B456FF017}.Debug|Any CPU.ActiveCfg = Debug|Any CPU
		{9E6B4F9F-8B3B-41F7-BB4D-7C2B456FF017}.Debug|Any CPU.Build.0 = Debug|Any CPU
		{9E6B4F9F-8B3B-41F7-BB4D-7C2B456FF017}.Release|Any CPU.ActiveCfg = Release|Any CPU
		{9E6B4F9F-8B3B-41F7-BB4D-7C2B456FF017}.Release|Any CPU.Build.0 = Release|Any CPU
	EndGlobalSection
	GlobalSection(SolutionProperties) = preSolution
		HideSolutionNode = FALSE
	EndGlobalSection
	GlobalSection(ExtensibilityGlobals) = postSolution
		SolutionGuid = {4ECE7EA4-F200-4C9B-A2B5-CCD08D9A6FA6}
	EndGlobalSection
EndGlobal
